// !$*UTF8*$!
{
	archiveVersion = 1;
	classes = {
	};
	objectVersion = 46;
	objects = {

/* Begin PBXBuildFile section */
		523D17485BD251881E585E32 /* Pods_benhvien_app.framework in Frameworks */ = {isa = PBXBuildFile; fileRef = C28EE9788498379070232178 /* Pods_benhvien_app.framework */; };
		EE129FAB1F6023E1006A81DE /* FirstLoginViewController.m in Sources */ = {isa = PBXBuildFile; fileRef = EE129FAA1F6023E1006A81DE /* FirstLoginViewController.m */; };
		EE129FAF1F6027CF006A81DE /* LoginViewController.m in Sources */ = {isa = PBXBuildFile; fileRef = EE129FAE1F6027CF006A81DE /* LoginViewController.m */; };
		EE3E156B1F34995500504F12 /* ApiManager.m in Sources */ = {isa = PBXBuildFile; fileRef = EE3E156A1F34995500504F12 /* ApiManager.m */; };
		EE3E156E1F34996C00504F12 /* ApiRequest.m in Sources */ = {isa = PBXBuildFile; fileRef = EE3E156D1F34996C00504F12 /* ApiRequest.m */; };
		EE3E15711F34998300504F12 /* ApiResponse.m in Sources */ = {isa = PBXBuildFile; fileRef = EE3E15701F34998300504F12 /* ApiResponse.m */; };
		EE53B4E61F2F59DB00AD0AFA /* SearchResultViewController.m in Sources */ = {isa = PBXBuildFile; fileRef = EE53B4E51F2F59DB00AD0AFA /* SearchResultViewController.m */; };
		EE53B4EA1F2F5A2200AD0AFA /* HospitalDetailViewController.m in Sources */ = {isa = PBXBuildFile; fileRef = EE53B4E91F2F5A2200AD0AFA /* HospitalDetailViewController.m */; };
		EE53B4F11F2F5B7800AD0AFA /* Hospital.m in Sources */ = {isa = PBXBuildFile; fileRef = EE53B4F01F2F5B7800AD0AFA /* Hospital.m */; };
		EE53B4F41F2F5CBF00AD0AFA /* HospitalTableViewCell.m in Sources */ = {isa = PBXBuildFile; fileRef = EE53B4F31F2F5CBF00AD0AFA /* HospitalTableViewCell.m */; };
		EE53B4FC1F2F6B2400AD0AFA /* HLTableView.m in Sources */ = {isa = PBXBuildFile; fileRef = EE53B4F71F2F6B2400AD0AFA /* HLTableView.m */; };
		EE53B4FD1F2F6B2400AD0AFA /* HLTableViewCell.m in Sources */ = {isa = PBXBuildFile; fileRef = EE53B4F91F2F6B2400AD0AFA /* HLTableViewCell.m */; };
		EE53B4FE1F2F6B2400AD0AFA /* HLTableViewSection.m in Sources */ = {isa = PBXBuildFile; fileRef = EE53B4FB1F2F6B2400AD0AFA /* HLTableViewSection.m */; };
		EE5B63FB1F5436AF00E8BA13 /* MenuView.m in Sources */ = {isa = PBXBuildFile; fileRef = EE5B63FA1F5436AF00E8BA13 /* MenuView.m */; };
		EE5B63FD1F5436BA00E8BA13 /* MenuView.xib in Resources */ = {isa = PBXBuildFile; fileRef = EE5B63FC1F5436BA00E8BA13 /* MenuView.xib */; };
		EE5B64011F54398D00E8BA13 /* MenuViewCell.m in Sources */ = {isa = PBXBuildFile; fileRef = EE5B63FF1F54398D00E8BA13 /* MenuViewCell.m */; };
		EE5B64021F54398D00E8BA13 /* MenuViewCell.xib in Resources */ = {isa = PBXBuildFile; fileRef = EE5B64001F54398D00E8BA13 /* MenuViewCell.xib */; };
		EE5B64091F5444F900E8BA13 /* AppInfoViewController.m in Sources */ = {isa = PBXBuildFile; fileRef = EE5B64081F5444F900E8BA13 /* AppInfoViewController.m */; };
		EE93730C1F504F6E00379151 /* MapKit.framework in Frameworks */ = {isa = PBXBuildFile; fileRef = EE93730B1F504F6E00379151 /* MapKit.framework */; };
		EEB502FF1F41CFAC00E54AE5 /* City.m in Sources */ = {isa = PBXBuildFile; fileRef = EEB502FE1F41CFAC00E54AE5 /* City.m */; };
		EEB503021F41D46300E54AE5 /* cities.json in Resources */ = {isa = PBXBuildFile; fileRef = EEB503011F41D46300E54AE5 /* cities.json */; };
		EECA5F4F1F2B5982005C148F /* main.m in Sources */ = {isa = PBXBuildFile; fileRef = EECA5F4E1F2B5982005C148F /* main.m */; };
		EECA5F5A1F2B5982005C148F /* Assets.xcassets in Resources */ = {isa = PBXBuildFile; fileRef = EECA5F591F2B5982005C148F /* Assets.xcassets */; };
		EECA5F5D1F2B5982005C148F /* LaunchScreen.storyboard in Resources */ = {isa = PBXBuildFile; fileRef = EECA5F5B1F2B5982005C148F /* LaunchScreen.storyboard */; };
		EECA5F711F2B5A14005C148F /* UIAlertController+Blocks.m in Sources */ = {isa = PBXBuildFile; fileRef = EECA5F681F2B5A14005C148F /* UIAlertController+Blocks.m */; };
		EECA5F721F2B5A14005C148F /* UIColor+Hex.m in Sources */ = {isa = PBXBuildFile; fileRef = EECA5F6A1F2B5A14005C148F /* UIColor+Hex.m */; };
		EECA5F731F2B5A14005C148F /* UITextField+Padding.m in Sources */ = {isa = PBXBuildFile; fileRef = EECA5F6C1F2B5A14005C148F /* UITextField+Padding.m */; };
		EECA5F741F2B5A14005C148F /* UIView+Nib.m in Sources */ = {isa = PBXBuildFile; fileRef = EECA5F6E1F2B5A14005C148F /* UIView+Nib.m */; };
		EECA5F751F2B5A14005C148F /* UIViewController+Storyboard.m in Sources */ = {isa = PBXBuildFile; fileRef = EECA5F701F2B5A14005C148F /* UIViewController+Storyboard.m */; };
		EECA5F8A1F2B5A4F005C148F /* BaseNavigationController.m in Sources */ = {isa = PBXBuildFile; fileRef = EECA5F7E1F2B5A4F005C148F /* BaseNavigationController.m */; };
		EECA5F8B1F2B5A4F005C148F /* BaseTapBarController.m in Sources */ = {isa = PBXBuildFile; fileRef = EECA5F801F2B5A4F005C148F /* BaseTapBarController.m */; };
		EECA5F8C1F2B5A4F005C148F /* BaseViewController.m in Sources */ = {isa = PBXBuildFile; fileRef = EECA5F821F2B5A4F005C148F /* BaseViewController.m */; };
		EECBA3C71F4714B9009BCF02 /* HospitalSlideShowModel.m in Sources */ = {isa = PBXBuildFile; fileRef = EECBA3C61F4714B9009BCF02 /* HospitalSlideShowModel.m */; };
		EECBA3CA1F471562009BCF02 /* HospitalNameModel.m in Sources */ = {isa = PBXBuildFile; fileRef = EECBA3C91F471562009BCF02 /* HospitalNameModel.m */; };
		EECBA3CD1F47157B009BCF02 /* HospitalAddressModel.m in Sources */ = {isa = PBXBuildFile; fileRef = EECBA3CC1F47157B009BCF02 /* HospitalAddressModel.m */; };
		EECBA3D01F4715A4009BCF02 /* HospitalPhoneModel.m in Sources */ = {isa = PBXBuildFile; fileRef = EECBA3CF1F4715A4009BCF02 /* HospitalPhoneModel.m */; };
		EECBA3D31F4715B6009BCF02 /* HospitalDescriptionModel.m in Sources */ = {isa = PBXBuildFile; fileRef = EECBA3D21F4715B6009BCF02 /* HospitalDescriptionModel.m */; };
		EECBA3D61F4715C4009BCF02 /* HospitalLocationModel.m in Sources */ = {isa = PBXBuildFile; fileRef = EECBA3D51F4715C4009BCF02 /* HospitalLocationModel.m */; };
		EECBA3DA1F47162D009BCF02 /* SlideShowCell.m in Sources */ = {isa = PBXBuildFile; fileRef = EECBA3D81F47162D009BCF02 /* SlideShowCell.m */; };
		EECBA3DB1F47162D009BCF02 /* SlideShowCell.xib in Resources */ = {isa = PBXBuildFile; fileRef = EECBA3D91F47162D009BCF02 /* SlideShowCell.xib */; };
		EECBA3DF1F47163F009BCF02 /* HospitalNameCell.m in Sources */ = {isa = PBXBuildFile; fileRef = EECBA3DD1F47163F009BCF02 /* HospitalNameCell.m */; };
		EECBA3E01F47163F009BCF02 /* HospitalNameCell.xib in Resources */ = {isa = PBXBuildFile; fileRef = EECBA3DE1F47163F009BCF02 /* HospitalNameCell.xib */; };
		EECBA3E41F47164F009BCF02 /* HospitalAddressCell.m in Sources */ = {isa = PBXBuildFile; fileRef = EECBA3E21F47164F009BCF02 /* HospitalAddressCell.m */; };
		EECBA3E51F47164F009BCF02 /* HospitalAddressCell.xib in Resources */ = {isa = PBXBuildFile; fileRef = EECBA3E31F47164F009BCF02 /* HospitalAddressCell.xib */; };
		EECBA3E91F471665009BCF02 /* HospitalPhoneCell.m in Sources */ = {isa = PBXBuildFile; fileRef = EECBA3E71F471665009BCF02 /* HospitalPhoneCell.m */; };
		EECBA3EA1F471665009BCF02 /* HospitalPhoneCell.xib in Resources */ = {isa = PBXBuildFile; fileRef = EECBA3E81F471665009BCF02 /* HospitalPhoneCell.xib */; };
		EECBA3EE1F471678009BCF02 /* HospitalDescriptionCell.m in Sources */ = {isa = PBXBuildFile; fileRef = EECBA3EC1F471678009BCF02 /* HospitalDescriptionCell.m */; };
		EECBA3EF1F471678009BCF02 /* HospitalDescriptionCell.xib in Resources */ = {isa = PBXBuildFile; fileRef = EECBA3ED1F471678009BCF02 /* HospitalDescriptionCell.xib */; };
		EECBA3F31F471688009BCF02 /* HospitalLocationCell.m in Sources */ = {isa = PBXBuildFile; fileRef = EECBA3F11F471688009BCF02 /* HospitalLocationCell.m */; };
		EECBA3F41F471688009BCF02 /* HospitalLocationCell.xib in Resources */ = {isa = PBXBuildFile; fileRef = EECBA3F21F471688009BCF02 /* HospitalLocationCell.xib */; };
		EEF432FE1F2B6F1A00BE2E40 /* AdvanceSearchViewController.m in Sources */ = {isa = PBXBuildFile; fileRef = EEF432FD1F2B6F1A00BE2E40 /* AdvanceSearchViewController.m */; };
		EEF433021F2B6F2300BE2E40 /* HomeViewController.m in Sources */ = {isa = PBXBuildFile; fileRef = EEF433011F2B6F2300BE2E40 /* HomeViewController.m */; };
		FF1675B81F4F334C00E922A5 /* HospitalDirectionViewController.m in Sources */ = {isa = PBXBuildFile; fileRef = FF1675B71F4F334C00E922A5 /* HospitalDirectionViewController.m */; };
		FF9082F11F6BF8E0008B3A30 /* UserDataManager.m in Sources */ = {isa = PBXBuildFile; fileRef = FF9082F01F6BF8E0008B3A30 /* UserDataManager.m */; };
		FFAFF7B21F66797A004F90E0 /* ForgetPasswordViewController.m in Sources */ = {isa = PBXBuildFile; fileRef = FFAFF7B11F66797A004F90E0 /* ForgetPasswordViewController.m */; };
		FFAFF7B61F667B24004F90E0 /* ChangePasswordViewController.m in Sources */ = {isa = PBXBuildFile; fileRef = FFAFF7B51F667B24004F90E0 /* ChangePasswordViewController.m */; };
		FFBDB23E1F66AD6A00B53F63 /* PlacesViewController.m in Sources */ = {isa = PBXBuildFile; fileRef = FFBDB23D1F66AD6A00B53F63 /* PlacesViewController.m */; };
		FFBDB2411F66AD7F00B53F63 /* PlacesTableViewCell.m in Sources */ = {isa = PBXBuildFile; fileRef = FFBDB2401F66AD7F00B53F63 /* PlacesTableViewCell.m */; };
		FFD2B8601F825D9900A7F9E2 /* AppDelegate.m in Sources */ = {isa = PBXBuildFile; fileRef = FFD2B85F1F825C1E00A7F9E2 /* AppDelegate.m */; };
		FFF0BD761F62B79400E815DF /* FirstLogin.storyboard in Resources */ = {isa = PBXBuildFile; fileRef = FFF0BD731F62B73A00E815DF /* FirstLogin.storyboard */; };
		FFF0BD771F62B79700E815DF /* Home.storyboard in Resources */ = {isa = PBXBuildFile; fileRef = FFF0BD741F62B73A00E815DF /* Home.storyboard */; };
		FFF0BD781F62B79B00E815DF /* Login.storyboard in Resources */ = {isa = PBXBuildFile; fileRef = FFF0BD751F62B73A00E815DF /* Login.storyboard */; };
		FFFDDFA61F7003EC007A3AC1 /* AccountViewController.m in Sources */ = {isa = PBXBuildFile; fileRef = FFFDDFA51F7003EC007A3AC1 /* AccountViewController.m */; };
/* End PBXBuildFile section */

/* Begin PBXFileReference section */
		3C13043832A85DFFDC6E4F13 /* Pods-benhvien-app.debug.xcconfig */ = {isa = PBXFileReference; includeInIndex = 1; lastKnownFileType = text.xcconfig; name = "Pods-benhvien-app.debug.xcconfig"; path = "Pods/Target Support Files/Pods-benhvien-app/Pods-benhvien-app.debug.xcconfig"; sourceTree = "<group>"; };
		6F755BCB4EEC04742E3DE08F /* Pods-benhvien-app.release.xcconfig */ = {isa = PBXFileReference; includeInIndex = 1; lastKnownFileType = text.xcconfig; name = "Pods-benhvien-app.release.xcconfig"; path = "Pods/Target Support Files/Pods-benhvien-app/Pods-benhvien-app.release.xcconfig"; sourceTree = "<group>"; };
		C28EE9788498379070232178 /* Pods_benhvien_app.framework */ = {isa = PBXFileReference; explicitFileType = wrapper.framework; includeInIndex = 0; path = Pods_benhvien_app.framework; sourceTree = BUILT_PRODUCTS_DIR; };
		EE129FA91F6023E1006A81DE /* FirstLoginViewController.h */ = {isa = PBXFileReference; fileEncoding = 4; lastKnownFileType = sourcecode.c.h; path = FirstLoginViewController.h; sourceTree = "<group>"; };
		EE129FAA1F6023E1006A81DE /* FirstLoginViewController.m */ = {isa = PBXFileReference; fileEncoding = 4; lastKnownFileType = sourcecode.c.objc; path = FirstLoginViewController.m; sourceTree = "<group>"; };
		EE129FAD1F6027CF006A81DE /* LoginViewController.h */ = {isa = PBXFileReference; fileEncoding = 4; lastKnownFileType = sourcecode.c.h; path = LoginViewController.h; sourceTree = "<group>"; };
		EE129FAE1F6027CF006A81DE /* LoginViewController.m */ = {isa = PBXFileReference; fileEncoding = 4; lastKnownFileType = sourcecode.c.objc; path = LoginViewController.m; sourceTree = "<group>"; };
		EE3E15681F34976900504F12 /* ApiEndpoint.h */ = {isa = PBXFileReference; lastKnownFileType = sourcecode.c.h; path = ApiEndpoint.h; sourceTree = "<group>"; };
		EE3E15691F34995500504F12 /* ApiManager.h */ = {isa = PBXFileReference; fileEncoding = 4; lastKnownFileType = sourcecode.c.h; path = ApiManager.h; sourceTree = "<group>"; };
		EE3E156A1F34995500504F12 /* ApiManager.m */ = {isa = PBXFileReference; fileEncoding = 4; lastKnownFileType = sourcecode.c.objc; path = ApiManager.m; sourceTree = "<group>"; };
		EE3E156C1F34996C00504F12 /* ApiRequest.h */ = {isa = PBXFileReference; fileEncoding = 4; lastKnownFileType = sourcecode.c.h; path = ApiRequest.h; sourceTree = "<group>"; };
		EE3E156D1F34996C00504F12 /* ApiRequest.m */ = {isa = PBXFileReference; fileEncoding = 4; lastKnownFileType = sourcecode.c.objc; path = ApiRequest.m; sourceTree = "<group>"; };
		EE3E156F1F34998300504F12 /* ApiResponse.h */ = {isa = PBXFileReference; fileEncoding = 4; lastKnownFileType = sourcecode.c.h; path = ApiResponse.h; sourceTree = "<group>"; };
		EE3E15701F34998300504F12 /* ApiResponse.m */ = {isa = PBXFileReference; fileEncoding = 4; lastKnownFileType = sourcecode.c.objc; path = ApiResponse.m; sourceTree = "<group>"; };
		EE53B4E41F2F59DB00AD0AFA /* SearchResultViewController.h */ = {isa = PBXFileReference; fileEncoding = 4; lastKnownFileType = sourcecode.c.h; path = SearchResultViewController.h; sourceTree = "<group>"; };
		EE53B4E51F2F59DB00AD0AFA /* SearchResultViewController.m */ = {isa = PBXFileReference; fileEncoding = 4; lastKnownFileType = sourcecode.c.objc; path = SearchResultViewController.m; sourceTree = "<group>"; };
		EE53B4E81F2F5A2200AD0AFA /* HospitalDetailViewController.h */ = {isa = PBXFileReference; fileEncoding = 4; lastKnownFileType = sourcecode.c.h; path = HospitalDetailViewController.h; sourceTree = "<group>"; };
		EE53B4E91F2F5A2200AD0AFA /* HospitalDetailViewController.m */ = {isa = PBXFileReference; fileEncoding = 4; lastKnownFileType = sourcecode.c.objc; path = HospitalDetailViewController.m; sourceTree = "<group>"; };
		EE53B4EF1F2F5B7800AD0AFA /* Hospital.h */ = {isa = PBXFileReference; fileEncoding = 4; lastKnownFileType = sourcecode.c.h; path = Hospital.h; sourceTree = "<group>"; };
		EE53B4F01F2F5B7800AD0AFA /* Hospital.m */ = {isa = PBXFileReference; fileEncoding = 4; lastKnownFileType = sourcecode.c.objc; path = Hospital.m; sourceTree = "<group>"; };
		EE53B4F21F2F5CBF00AD0AFA /* HospitalTableViewCell.h */ = {isa = PBXFileReference; fileEncoding = 4; lastKnownFileType = sourcecode.c.h; path = HospitalTableViewCell.h; sourceTree = "<group>"; };
		EE53B4F31F2F5CBF00AD0AFA /* HospitalTableViewCell.m */ = {isa = PBXFileReference; fileEncoding = 4; lastKnownFileType = sourcecode.c.objc; path = HospitalTableViewCell.m; sourceTree = "<group>"; };
		EE53B4F61F2F6B2400AD0AFA /* HLTableView.h */ = {isa = PBXFileReference; fileEncoding = 4; lastKnownFileType = sourcecode.c.h; path = HLTableView.h; sourceTree = "<group>"; };
		EE53B4F71F2F6B2400AD0AFA /* HLTableView.m */ = {isa = PBXFileReference; fileEncoding = 4; lastKnownFileType = sourcecode.c.objc; path = HLTableView.m; sourceTree = "<group>"; };
		EE53B4F81F2F6B2400AD0AFA /* HLTableViewCell.h */ = {isa = PBXFileReference; fileEncoding = 4; lastKnownFileType = sourcecode.c.h; path = HLTableViewCell.h; sourceTree = "<group>"; };
		EE53B4F91F2F6B2400AD0AFA /* HLTableViewCell.m */ = {isa = PBXFileReference; fileEncoding = 4; lastKnownFileType = sourcecode.c.objc; path = HLTableViewCell.m; sourceTree = "<group>"; };
		EE53B4FA1F2F6B2400AD0AFA /* HLTableViewSection.h */ = {isa = PBXFileReference; fileEncoding = 4; lastKnownFileType = sourcecode.c.h; path = HLTableViewSection.h; sourceTree = "<group>"; };
		EE53B4FB1F2F6B2400AD0AFA /* HLTableViewSection.m */ = {isa = PBXFileReference; fileEncoding = 4; lastKnownFileType = sourcecode.c.objc; path = HLTableViewSection.m; sourceTree = "<group>"; };
		EE5B63F91F5436AF00E8BA13 /* MenuView.h */ = {isa = PBXFileReference; fileEncoding = 4; lastKnownFileType = sourcecode.c.h; path = MenuView.h; sourceTree = "<group>"; };
		EE5B63FA1F5436AF00E8BA13 /* MenuView.m */ = {isa = PBXFileReference; fileEncoding = 4; lastKnownFileType = sourcecode.c.objc; path = MenuView.m; sourceTree = "<group>"; };
		EE5B63FC1F5436BA00E8BA13 /* MenuView.xib */ = {isa = PBXFileReference; fileEncoding = 4; lastKnownFileType = file.xib; path = MenuView.xib; sourceTree = "<group>"; };
		EE5B63FE1F54398D00E8BA13 /* MenuViewCell.h */ = {isa = PBXFileReference; fileEncoding = 4; lastKnownFileType = sourcecode.c.h; path = MenuViewCell.h; sourceTree = "<group>"; };
		EE5B63FF1F54398D00E8BA13 /* MenuViewCell.m */ = {isa = PBXFileReference; fileEncoding = 4; lastKnownFileType = sourcecode.c.objc; path = MenuViewCell.m; sourceTree = "<group>"; };
		EE5B64001F54398D00E8BA13 /* MenuViewCell.xib */ = {isa = PBXFileReference; fileEncoding = 4; lastKnownFileType = file.xib; path = MenuViewCell.xib; sourceTree = "<group>"; };
		EE5B64071F5444F900E8BA13 /* AppInfoViewController.h */ = {isa = PBXFileReference; fileEncoding = 4; lastKnownFileType = sourcecode.c.h; path = AppInfoViewController.h; sourceTree = "<group>"; };
		EE5B64081F5444F900E8BA13 /* AppInfoViewController.m */ = {isa = PBXFileReference; fileEncoding = 4; lastKnownFileType = sourcecode.c.objc; path = AppInfoViewController.m; sourceTree = "<group>"; };
		EE93730A1F50406700379151 /* MyLocation.gpx */ = {isa = PBXFileReference; lastKnownFileType = text.xml; path = MyLocation.gpx; sourceTree = "<group>"; };
		EE93730B1F504F6E00379151 /* MapKit.framework */ = {isa = PBXFileReference; lastKnownFileType = wrapper.framework; name = MapKit.framework; path = System/Library/Frameworks/MapKit.framework; sourceTree = SDKROOT; };
		EEB502FD1F41CFAC00E54AE5 /* City.h */ = {isa = PBXFileReference; fileEncoding = 4; lastKnownFileType = sourcecode.c.h; path = City.h; sourceTree = "<group>"; };
		EEB502FE1F41CFAC00E54AE5 /* City.m */ = {isa = PBXFileReference; fileEncoding = 4; lastKnownFileType = sourcecode.c.objc; path = City.m; sourceTree = "<group>"; };
		EEB503011F41D46300E54AE5 /* cities.json */ = {isa = PBXFileReference; fileEncoding = 4; lastKnownFileType = text.json; path = cities.json; sourceTree = "<group>"; };
		EECA5F4A1F2B5982005C148F /* benhvien-app.app */ = {isa = PBXFileReference; explicitFileType = wrapper.application; includeInIndex = 0; path = "benhvien-app.app"; sourceTree = BUILT_PRODUCTS_DIR; };
		EECA5F4E1F2B5982005C148F /* main.m */ = {isa = PBXFileReference; lastKnownFileType = sourcecode.c.objc; path = main.m; sourceTree = "<group>"; };
		EECA5F591F2B5982005C148F /* Assets.xcassets */ = {isa = PBXFileReference; lastKnownFileType = folder.assetcatalog; path = Assets.xcassets; sourceTree = "<group>"; };
		EECA5F5C1F2B5982005C148F /* Base */ = {isa = PBXFileReference; lastKnownFileType = file.storyboard; name = Base; path = Base.lproj/LaunchScreen.storyboard; sourceTree = "<group>"; };
		EECA5F5E1F2B5982005C148F /* Info.plist */ = {isa = PBXFileReference; lastKnownFileType = text.plist.xml; path = Info.plist; sourceTree = "<group>"; };
		EECA5F671F2B5A14005C148F /* UIAlertController+Blocks.h */ = {isa = PBXFileReference; fileEncoding = 4; lastKnownFileType = sourcecode.c.h; path = "UIAlertController+Blocks.h"; sourceTree = "<group>"; };
		EECA5F681F2B5A14005C148F /* UIAlertController+Blocks.m */ = {isa = PBXFileReference; fileEncoding = 4; lastKnownFileType = sourcecode.c.objc; path = "UIAlertController+Blocks.m"; sourceTree = "<group>"; };
		EECA5F691F2B5A14005C148F /* UIColor+Hex.h */ = {isa = PBXFileReference; fileEncoding = 4; lastKnownFileType = sourcecode.c.h; path = "UIColor+Hex.h"; sourceTree = "<group>"; };
		EECA5F6A1F2B5A14005C148F /* UIColor+Hex.m */ = {isa = PBXFileReference; fileEncoding = 4; lastKnownFileType = sourcecode.c.objc; path = "UIColor+Hex.m"; sourceTree = "<group>"; };
		EECA5F6B1F2B5A14005C148F /* UITextField+Padding.h */ = {isa = PBXFileReference; fileEncoding = 4; lastKnownFileType = sourcecode.c.h; path = "UITextField+Padding.h"; sourceTree = "<group>"; };
		EECA5F6C1F2B5A14005C148F /* UITextField+Padding.m */ = {isa = PBXFileReference; fileEncoding = 4; lastKnownFileType = sourcecode.c.objc; path = "UITextField+Padding.m"; sourceTree = "<group>"; };
		EECA5F6D1F2B5A14005C148F /* UIView+Nib.h */ = {isa = PBXFileReference; fileEncoding = 4; lastKnownFileType = sourcecode.c.h; path = "UIView+Nib.h"; sourceTree = "<group>"; };
		EECA5F6E1F2B5A14005C148F /* UIView+Nib.m */ = {isa = PBXFileReference; fileEncoding = 4; lastKnownFileType = sourcecode.c.objc; path = "UIView+Nib.m"; sourceTree = "<group>"; };
		EECA5F6F1F2B5A14005C148F /* UIViewController+Storyboard.h */ = {isa = PBXFileReference; fileEncoding = 4; lastKnownFileType = sourcecode.c.h; path = "UIViewController+Storyboard.h"; sourceTree = "<group>"; };
		EECA5F701F2B5A14005C148F /* UIViewController+Storyboard.m */ = {isa = PBXFileReference; fileEncoding = 4; lastKnownFileType = sourcecode.c.objc; path = "UIViewController+Storyboard.m"; sourceTree = "<group>"; };
		EECA5F7D1F2B5A4F005C148F /* BaseNavigationController.h */ = {isa = PBXFileReference; fileEncoding = 4; lastKnownFileType = sourcecode.c.h; path = BaseNavigationController.h; sourceTree = "<group>"; };
		EECA5F7E1F2B5A4F005C148F /* BaseNavigationController.m */ = {isa = PBXFileReference; fileEncoding = 4; lastKnownFileType = sourcecode.c.objc; path = BaseNavigationController.m; sourceTree = "<group>"; };
		EECA5F7F1F2B5A4F005C148F /* BaseTapBarController.h */ = {isa = PBXFileReference; fileEncoding = 4; lastKnownFileType = sourcecode.c.h; path = BaseTapBarController.h; sourceTree = "<group>"; };
		EECA5F801F2B5A4F005C148F /* BaseTapBarController.m */ = {isa = PBXFileReference; fileEncoding = 4; lastKnownFileType = sourcecode.c.objc; path = BaseTapBarController.m; sourceTree = "<group>"; };
		EECA5F811F2B5A4F005C148F /* BaseViewController.h */ = {isa = PBXFileReference; fileEncoding = 4; lastKnownFileType = sourcecode.c.h; path = BaseViewController.h; sourceTree = "<group>"; };
		EECA5F821F2B5A4F005C148F /* BaseViewController.m */ = {isa = PBXFileReference; fileEncoding = 4; lastKnownFileType = sourcecode.c.objc; path = BaseViewController.m; sourceTree = "<group>"; };
		EECBA3C51F4714B9009BCF02 /* HospitalSlideShowModel.h */ = {isa = PBXFileReference; fileEncoding = 4; lastKnownFileType = sourcecode.c.h; path = HospitalSlideShowModel.h; sourceTree = "<group>"; };
		EECBA3C61F4714B9009BCF02 /* HospitalSlideShowModel.m */ = {isa = PBXFileReference; fileEncoding = 4; lastKnownFileType = sourcecode.c.objc; path = HospitalSlideShowModel.m; sourceTree = "<group>"; };
		EECBA3C81F471562009BCF02 /* HospitalNameModel.h */ = {isa = PBXFileReference; fileEncoding = 4; lastKnownFileType = sourcecode.c.h; path = HospitalNameModel.h; sourceTree = "<group>"; };
		EECBA3C91F471562009BCF02 /* HospitalNameModel.m */ = {isa = PBXFileReference; fileEncoding = 4; lastKnownFileType = sourcecode.c.objc; path = HospitalNameModel.m; sourceTree = "<group>"; };
		EECBA3CB1F47157B009BCF02 /* HospitalAddressModel.h */ = {isa = PBXFileReference; fileEncoding = 4; lastKnownFileType = sourcecode.c.h; path = HospitalAddressModel.h; sourceTree = "<group>"; };
		EECBA3CC1F47157B009BCF02 /* HospitalAddressModel.m */ = {isa = PBXFileReference; fileEncoding = 4; lastKnownFileType = sourcecode.c.objc; path = HospitalAddressModel.m; sourceTree = "<group>"; };
		EECBA3CE1F4715A4009BCF02 /* HospitalPhoneModel.h */ = {isa = PBXFileReference; fileEncoding = 4; lastKnownFileType = sourcecode.c.h; path = HospitalPhoneModel.h; sourceTree = "<group>"; };
		EECBA3CF1F4715A4009BCF02 /* HospitalPhoneModel.m */ = {isa = PBXFileReference; fileEncoding = 4; lastKnownFileType = sourcecode.c.objc; path = HospitalPhoneModel.m; sourceTree = "<group>"; };
		EECBA3D11F4715B6009BCF02 /* HospitalDescriptionModel.h */ = {isa = PBXFileReference; fileEncoding = 4; lastKnownFileType = sourcecode.c.h; path = HospitalDescriptionModel.h; sourceTree = "<group>"; };
		EECBA3D21F4715B6009BCF02 /* HospitalDescriptionModel.m */ = {isa = PBXFileReference; fileEncoding = 4; lastKnownFileType = sourcecode.c.objc; path = HospitalDescriptionModel.m; sourceTree = "<group>"; };
		EECBA3D41F4715C4009BCF02 /* HospitalLocationModel.h */ = {isa = PBXFileReference; fileEncoding = 4; lastKnownFileType = sourcecode.c.h; path = HospitalLocationModel.h; sourceTree = "<group>"; };
		EECBA3D51F4715C4009BCF02 /* HospitalLocationModel.m */ = {isa = PBXFileReference; fileEncoding = 4; lastKnownFileType = sourcecode.c.objc; path = HospitalLocationModel.m; sourceTree = "<group>"; };
		EECBA3D71F47162D009BCF02 /* SlideShowCell.h */ = {isa = PBXFileReference; fileEncoding = 4; lastKnownFileType = sourcecode.c.h; path = SlideShowCell.h; sourceTree = "<group>"; };
		EECBA3D81F47162D009BCF02 /* SlideShowCell.m */ = {isa = PBXFileReference; fileEncoding = 4; lastKnownFileType = sourcecode.c.objc; path = SlideShowCell.m; sourceTree = "<group>"; };
		EECBA3D91F47162D009BCF02 /* SlideShowCell.xib */ = {isa = PBXFileReference; fileEncoding = 4; lastKnownFileType = file.xib; path = SlideShowCell.xib; sourceTree = "<group>"; };
		EECBA3DC1F47163F009BCF02 /* HospitalNameCell.h */ = {isa = PBXFileReference; fileEncoding = 4; lastKnownFileType = sourcecode.c.h; path = HospitalNameCell.h; sourceTree = "<group>"; };
		EECBA3DD1F47163F009BCF02 /* HospitalNameCell.m */ = {isa = PBXFileReference; fileEncoding = 4; lastKnownFileType = sourcecode.c.objc; path = HospitalNameCell.m; sourceTree = "<group>"; };
		EECBA3DE1F47163F009BCF02 /* HospitalNameCell.xib */ = {isa = PBXFileReference; fileEncoding = 4; lastKnownFileType = file.xib; path = HospitalNameCell.xib; sourceTree = "<group>"; };
		EECBA3E11F47164F009BCF02 /* HospitalAddressCell.h */ = {isa = PBXFileReference; fileEncoding = 4; lastKnownFileType = sourcecode.c.h; path = HospitalAddressCell.h; sourceTree = "<group>"; };
		EECBA3E21F47164F009BCF02 /* HospitalAddressCell.m */ = {isa = PBXFileReference; fileEncoding = 4; lastKnownFileType = sourcecode.c.objc; path = HospitalAddressCell.m; sourceTree = "<group>"; };
		EECBA3E31F47164F009BCF02 /* HospitalAddressCell.xib */ = {isa = PBXFileReference; fileEncoding = 4; lastKnownFileType = file.xib; path = HospitalAddressCell.xib; sourceTree = "<group>"; };
		EECBA3E61F471665009BCF02 /* HospitalPhoneCell.h */ = {isa = PBXFileReference; fileEncoding = 4; lastKnownFileType = sourcecode.c.h; path = HospitalPhoneCell.h; sourceTree = "<group>"; };
		EECBA3E71F471665009BCF02 /* HospitalPhoneCell.m */ = {isa = PBXFileReference; fileEncoding = 4; lastKnownFileType = sourcecode.c.objc; path = HospitalPhoneCell.m; sourceTree = "<group>"; };
		EECBA3E81F471665009BCF02 /* HospitalPhoneCell.xib */ = {isa = PBXFileReference; fileEncoding = 4; lastKnownFileType = file.xib; path = HospitalPhoneCell.xib; sourceTree = "<group>"; };
		EECBA3EB1F471678009BCF02 /* HospitalDescriptionCell.h */ = {isa = PBXFileReference; fileEncoding = 4; lastKnownFileType = sourcecode.c.h; path = HospitalDescriptionCell.h; sourceTree = "<group>"; };
		EECBA3EC1F471678009BCF02 /* HospitalDescriptionCell.m */ = {isa = PBXFileReference; fileEncoding = 4; lastKnownFileType = sourcecode.c.objc; path = HospitalDescriptionCell.m; sourceTree = "<group>"; };
		EECBA3ED1F471678009BCF02 /* HospitalDescriptionCell.xib */ = {isa = PBXFileReference; fileEncoding = 4; lastKnownFileType = file.xib; path = HospitalDescriptionCell.xib; sourceTree = "<group>"; };
		EECBA3F01F471688009BCF02 /* HospitalLocationCell.h */ = {isa = PBXFileReference; fileEncoding = 4; lastKnownFileType = sourcecode.c.h; path = HospitalLocationCell.h; sourceTree = "<group>"; };
		EECBA3F11F471688009BCF02 /* HospitalLocationCell.m */ = {isa = PBXFileReference; fileEncoding = 4; lastKnownFileType = sourcecode.c.objc; path = HospitalLocationCell.m; sourceTree = "<group>"; };
		EECBA3F21F471688009BCF02 /* HospitalLocationCell.xib */ = {isa = PBXFileReference; fileEncoding = 4; lastKnownFileType = file.xib; path = HospitalLocationCell.xib; sourceTree = "<group>"; };
		EEF432FC1F2B6F1A00BE2E40 /* AdvanceSearchViewController.h */ = {isa = PBXFileReference; fileEncoding = 4; lastKnownFileType = sourcecode.c.h; path = AdvanceSearchViewController.h; sourceTree = "<group>"; };
		EEF432FD1F2B6F1A00BE2E40 /* AdvanceSearchViewController.m */ = {isa = PBXFileReference; fileEncoding = 4; lastKnownFileType = sourcecode.c.objc; path = AdvanceSearchViewController.m; sourceTree = "<group>"; };
		EEF433001F2B6F2300BE2E40 /* HomeViewController.h */ = {isa = PBXFileReference; fileEncoding = 4; lastKnownFileType = sourcecode.c.h; path = HomeViewController.h; sourceTree = "<group>"; };
		EEF433011F2B6F2300BE2E40 /* HomeViewController.m */ = {isa = PBXFileReference; fileEncoding = 4; lastKnownFileType = sourcecode.c.objc; path = HomeViewController.m; sourceTree = "<group>"; };
		FF1675B61F4F334C00E922A5 /* HospitalDirectionViewController.h */ = {isa = PBXFileReference; lastKnownFileType = sourcecode.c.h; path = HospitalDirectionViewController.h; sourceTree = "<group>"; };
		FF1675B71F4F334C00E922A5 /* HospitalDirectionViewController.m */ = {isa = PBXFileReference; lastKnownFileType = sourcecode.c.objc; path = HospitalDirectionViewController.m; sourceTree = "<group>"; };
		FF9082EF1F6BF8E0008B3A30 /* UserDataManager.h */ = {isa = PBXFileReference; lastKnownFileType = sourcecode.c.h; path = UserDataManager.h; sourceTree = "<group>"; };
		FF9082F01F6BF8E0008B3A30 /* UserDataManager.m */ = {isa = PBXFileReference; lastKnownFileType = sourcecode.c.objc; path = UserDataManager.m; sourceTree = "<group>"; };
		FF9082F31F6BFAA5008B3A30 /* Constants.h */ = {isa = PBXFileReference; lastKnownFileType = sourcecode.c.h; path = Constants.h; sourceTree = "<group>"; };
		FFAFF7B01F66797A004F90E0 /* ForgetPasswordViewController.h */ = {isa = PBXFileReference; lastKnownFileType = sourcecode.c.h; path = ForgetPasswordViewController.h; sourceTree = "<group>"; };
		FFAFF7B11F66797A004F90E0 /* ForgetPasswordViewController.m */ = {isa = PBXFileReference; lastKnownFileType = sourcecode.c.objc; path = ForgetPasswordViewController.m; sourceTree = "<group>"; };
		FFAFF7B41F667B24004F90E0 /* ChangePasswordViewController.h */ = {isa = PBXFileReference; lastKnownFileType = sourcecode.c.h; path = ChangePasswordViewController.h; sourceTree = "<group>"; };
		FFAFF7B51F667B24004F90E0 /* ChangePasswordViewController.m */ = {isa = PBXFileReference; lastKnownFileType = sourcecode.c.objc; path = ChangePasswordViewController.m; sourceTree = "<group>"; };
		FFBDB23C1F66AD6A00B53F63 /* PlacesViewController.h */ = {isa = PBXFileReference; lastKnownFileType = sourcecode.c.h; path = PlacesViewController.h; sourceTree = "<group>"; };
		FFBDB23D1F66AD6A00B53F63 /* PlacesViewController.m */ = {isa = PBXFileReference; lastKnownFileType = sourcecode.c.objc; path = PlacesViewController.m; sourceTree = "<group>"; };
		FFBDB23F1F66AD7F00B53F63 /* PlacesTableViewCell.h */ = {isa = PBXFileReference; lastKnownFileType = sourcecode.c.h; path = PlacesTableViewCell.h; sourceTree = "<group>"; };
		FFBDB2401F66AD7F00B53F63 /* PlacesTableViewCell.m */ = {isa = PBXFileReference; lastKnownFileType = sourcecode.c.objc; path = PlacesTableViewCell.m; sourceTree = "<group>"; };
		FFD2B85E1F825C1E00A7F9E2 /* AppDelegate.h */ = {isa = PBXFileReference; lastKnownFileType = sourcecode.c.h; path = AppDelegate.h; sourceTree = "<group>"; };
		FFD2B85F1F825C1E00A7F9E2 /* AppDelegate.m */ = {isa = PBXFileReference; lastKnownFileType = sourcecode.c.objc; path = AppDelegate.m; sourceTree = "<group>"; };
		FFF0BD731F62B73A00E815DF /* FirstLogin.storyboard */ = {isa = PBXFileReference; lastKnownFileType = file.storyboard; path = FirstLogin.storyboard; sourceTree = "<group>"; };
		FFF0BD741F62B73A00E815DF /* Home.storyboard */ = {isa = PBXFileReference; lastKnownFileType = file.storyboard; path = Home.storyboard; sourceTree = "<group>"; };
		FFF0BD751F62B73A00E815DF /* Login.storyboard */ = {isa = PBXFileReference; lastKnownFileType = file.storyboard; path = Login.storyboard; sourceTree = "<group>"; };
		FFFDDFA41F7003EC007A3AC1 /* AccountViewController.h */ = {isa = PBXFileReference; lastKnownFileType = sourcecode.c.h; path = AccountViewController.h; sourceTree = "<group>"; };
		FFFDDFA51F7003EC007A3AC1 /* AccountViewController.m */ = {isa = PBXFileReference; lastKnownFileType = sourcecode.c.objc; path = AccountViewController.m; sourceTree = "<group>"; };
/* End PBXFileReference section */

/* Begin PBXFrameworksBuildPhase section */
		EECA5F471F2B5982005C148F /* Frameworks */ = {
			isa = PBXFrameworksBuildPhase;
			buildActionMask = 2147483647;
			files = (
				EE93730C1F504F6E00379151 /* MapKit.framework in Frameworks */,
				523D17485BD251881E585E32 /* Pods_benhvien_app.framework in Frameworks */,
			);
			runOnlyForDeploymentPostprocessing = 0;
		};
/* End PBXFrameworksBuildPhase section */

/* Begin PBXGroup section */
		902470023D30BED22B2D45F5 /* Pods */ = {
			isa = PBXGroup;
			children = (
				3C13043832A85DFFDC6E4F13 /* Pods-benhvien-app.debug.xcconfig */,
				6F755BCB4EEC04742E3DE08F /* Pods-benhvien-app.release.xcconfig */,
			);
			name = Pods;
			sourceTree = "<group>";
		};
		E7ECC8A7F03E294F552F2827 /* Frameworks */ = {
			isa = PBXGroup;
			children = (
				EE93730B1F504F6E00379151 /* MapKit.framework */,
				C28EE9788498379070232178 /* Pods_benhvien_app.framework */,
			);
			name = Frameworks;
			sourceTree = "<group>";
		};
		EE129FA81F6023C9006A81DE /* FirstLogin */ = {
			isa = PBXGroup;
			children = (
				EE129FA91F6023E1006A81DE /* FirstLoginViewController.h */,
				EE129FAA1F6023E1006A81DE /* FirstLoginViewController.m */,
			);
			path = FirstLogin;
			sourceTree = "<group>";
		};
		EE129FAC1F6027C0006A81DE /* Login */ = {
			isa = PBXGroup;
			children = (
				EE129FAD1F6027CF006A81DE /* LoginViewController.h */,
				EE129FAE1F6027CF006A81DE /* LoginViewController.m */,
			);
			path = Login;
			sourceTree = "<group>";
		};
		EE3E15671F34973D00504F12 /* Api */ = {
			isa = PBXGroup;
			children = (
				EE3E15681F34976900504F12 /* ApiEndpoint.h */,
				EE3E15691F34995500504F12 /* ApiManager.h */,
				EE3E156A1F34995500504F12 /* ApiManager.m */,
				EE3E156C1F34996C00504F12 /* ApiRequest.h */,
				EE3E156D1F34996C00504F12 /* ApiRequest.m */,
				EE3E156F1F34998300504F12 /* ApiResponse.h */,
				EE3E15701F34998300504F12 /* ApiResponse.m */,
			);
			path = Api;
			sourceTree = "<group>";
		};
		EE53B4E31F2F59DB00AD0AFA /* SearchResult */ = {
			isa = PBXGroup;
			children = (
				EE53B4E41F2F59DB00AD0AFA /* SearchResultViewController.h */,
				EE53B4E51F2F59DB00AD0AFA /* SearchResultViewController.m */,
				EE53B4F21F2F5CBF00AD0AFA /* HospitalTableViewCell.h */,
				EE53B4F31F2F5CBF00AD0AFA /* HospitalTableViewCell.m */,
			);
			path = SearchResult;
			sourceTree = "<group>";
		};
		EE53B4E71F2F59E300AD0AFA /* HospitalDetail */ = {
			isa = PBXGroup;
			children = (
				EE53B4E81F2F5A2200AD0AFA /* HospitalDetailViewController.h */,
				EE53B4E91F2F5A2200AD0AFA /* HospitalDetailViewController.m */,
				EECBA3C41F47141E009BCF02 /* Models */,
				EE790E351F31F04600043139 /* TableViewCells */,
			);
			path = HospitalDetail;
			sourceTree = "<group>";
		};
		EE53B4EB1F2F5B1700AD0AFA /* Model */ = {
			isa = PBXGroup;
			children = (
				EE53B4EF1F2F5B7800AD0AFA /* Hospital.h */,
				EE53B4F01F2F5B7800AD0AFA /* Hospital.m */,
				EEB502FD1F41CFAC00E54AE5 /* City.h */,
				EEB502FE1F41CFAC00E54AE5 /* City.m */,
			);
			path = Model;
			sourceTree = "<group>";
		};
		EE53B4F51F2F6B2400AD0AFA /* Source */ = {
			isa = PBXGroup;
			children = (
				EE53B4F61F2F6B2400AD0AFA /* HLTableView.h */,
				EE53B4F71F2F6B2400AD0AFA /* HLTableView.m */,
				EE53B4F81F2F6B2400AD0AFA /* HLTableViewCell.h */,
				EE53B4F91F2F6B2400AD0AFA /* HLTableViewCell.m */,
				EE53B4FA1F2F6B2400AD0AFA /* HLTableViewSection.h */,
				EE53B4FB1F2F6B2400AD0AFA /* HLTableViewSection.m */,
			);
			path = Source;
			sourceTree = "<group>";
		};
		EE5B63F81F54369B00E8BA13 /* Views */ = {
			isa = PBXGroup;
			children = (
				EE5B63F91F5436AF00E8BA13 /* MenuView.h */,
				EE5B63FA1F5436AF00E8BA13 /* MenuView.m */,
				EE5B63FC1F5436BA00E8BA13 /* MenuView.xib */,
				EE5B63FE1F54398D00E8BA13 /* MenuViewCell.h */,
				EE5B63FF1F54398D00E8BA13 /* MenuViewCell.m */,
				EE5B64001F54398D00E8BA13 /* MenuViewCell.xib */,
			);
			path = Views;
			sourceTree = "<group>";
		};
		EE5B64031F543DFB00E8BA13 /* AppInfo */ = {
			isa = PBXGroup;
			children = (
				EE5B64071F5444F900E8BA13 /* AppInfoViewController.h */,
				EE5B64081F5444F900E8BA13 /* AppInfoViewController.m */,
			);
			path = AppInfo;
			sourceTree = "<group>";
		};
		EE790E351F31F04600043139 /* TableViewCells */ = {
			isa = PBXGroup;
			children = (
				EECBA3D71F47162D009BCF02 /* SlideShowCell.h */,
				EECBA3D81F47162D009BCF02 /* SlideShowCell.m */,
				EECBA3D91F47162D009BCF02 /* SlideShowCell.xib */,
				EECBA3DC1F47163F009BCF02 /* HospitalNameCell.h */,
				EECBA3DD1F47163F009BCF02 /* HospitalNameCell.m */,
				EECBA3DE1F47163F009BCF02 /* HospitalNameCell.xib */,
				EECBA3E11F47164F009BCF02 /* HospitalAddressCell.h */,
				EECBA3E21F47164F009BCF02 /* HospitalAddressCell.m */,
				EECBA3E31F47164F009BCF02 /* HospitalAddressCell.xib */,
				EECBA3E61F471665009BCF02 /* HospitalPhoneCell.h */,
				EECBA3E71F471665009BCF02 /* HospitalPhoneCell.m */,
				EECBA3E81F471665009BCF02 /* HospitalPhoneCell.xib */,
				EECBA3EB1F471678009BCF02 /* HospitalDescriptionCell.h */,
				EECBA3EC1F471678009BCF02 /* HospitalDescriptionCell.m */,
				EECBA3ED1F471678009BCF02 /* HospitalDescriptionCell.xib */,
				EECBA3F01F471688009BCF02 /* HospitalLocationCell.h */,
				EECBA3F11F471688009BCF02 /* HospitalLocationCell.m */,
				EECBA3F21F471688009BCF02 /* HospitalLocationCell.xib */,
			);
			path = TableViewCells;
			sourceTree = "<group>";
		};
		EE9373091F50405800379151 /* MyLocation */ = {
			isa = PBXGroup;
			children = (
				EE93730A1F50406700379151 /* MyLocation.gpx */,
			);
			path = MyLocation;
			sourceTree = "<group>";
		};
		EEB503001F41D45A00E54AE5 /* Resources */ = {
			isa = PBXGroup;
			children = (
				EEB503011F41D46300E54AE5 /* cities.json */,
			);
			path = Resources;
			sourceTree = "<group>";
		};
		EECA5F411F2B5982005C148F = {
			isa = PBXGroup;
			children = (
				EECA5F4C1F2B5982005C148F /* benhvien-app */,
				EECA5F4B1F2B5982005C148F /* Products */,
				902470023D30BED22B2D45F5 /* Pods */,
				E7ECC8A7F03E294F552F2827 /* Frameworks */,
			);
			sourceTree = "<group>";
		};
		EECA5F4B1F2B5982005C148F /* Products */ = {
			isa = PBXGroup;
			children = (
				EECA5F4A1F2B5982005C148F /* benhvien-app.app */,
			);
			name = Products;
			sourceTree = "<group>";
		};
		EECA5F4C1F2B5982005C148F /* benhvien-app */ = {
			isa = PBXGroup;
			children = (
				FF9082F21F6BFA95008B3A30 /* Constants */,
				FF9082EE1F6BF8A9008B3A30 /* Managers */,
				FFF0BD721F62B73A00E815DF /* StoryBoards */,
				EE5B63F81F54369B00E8BA13 /* Views */,
				EEB503001F41D45A00E54AE5 /* Resources */,
				EE3E15671F34973D00504F12 /* Api */,
				EE53B4EB1F2F5B1700AD0AFA /* Model */,
				EECA5F7B1F2B5A4F005C148F /* ViewController */,
				EECA5F641F2B5A14005C148F /* Libraries */,
				FFD2B85D1F825C1E00A7F9E2 /* AppDelegate */,
				EECA5F591F2B5982005C148F /* Assets.xcassets */,
				EECA5F5B1F2B5982005C148F /* LaunchScreen.storyboard */,
				EECA5F5E1F2B5982005C148F /* Info.plist */,
				EECA5F4D1F2B5982005C148F /* Supporting Files */,
			);
			path = "benhvien-app";
			sourceTree = "<group>";
		};
		EECA5F4D1F2B5982005C148F /* Supporting Files */ = {
			isa = PBXGroup;
			children = (
				EECA5F4E1F2B5982005C148F /* main.m */,
			);
			name = "Supporting Files";
			sourceTree = "<group>";
		};
		EECA5F641F2B5A14005C148F /* Libraries */ = {
			isa = PBXGroup;
			children = (
				EE53B4F51F2F6B2400AD0AFA /* Source */,
				EECA5F651F2B5A14005C148F /* Categories */,
			);
			path = Libraries;
			sourceTree = "<group>";
		};
		EECA5F651F2B5A14005C148F /* Categories */ = {
			isa = PBXGroup;
			children = (
				EECA5F661F2B5A14005C148F /* UIAlertController-Blocks */,
				EECA5F691F2B5A14005C148F /* UIColor+Hex.h */,
				EECA5F6A1F2B5A14005C148F /* UIColor+Hex.m */,
				EECA5F6B1F2B5A14005C148F /* UITextField+Padding.h */,
				EECA5F6C1F2B5A14005C148F /* UITextField+Padding.m */,
				EECA5F6D1F2B5A14005C148F /* UIView+Nib.h */,
				EECA5F6E1F2B5A14005C148F /* UIView+Nib.m */,
				EECA5F6F1F2B5A14005C148F /* UIViewController+Storyboard.h */,
				EECA5F701F2B5A14005C148F /* UIViewController+Storyboard.m */,
			);
			path = Categories;
			sourceTree = "<group>";
		};
		EECA5F661F2B5A14005C148F /* UIAlertController-Blocks */ = {
			isa = PBXGroup;
			children = (
				EECA5F671F2B5A14005C148F /* UIAlertController+Blocks.h */,
				EECA5F681F2B5A14005C148F /* UIAlertController+Blocks.m */,
			);
			path = "UIAlertController-Blocks";
			sourceTree = "<group>";
		};
		EECA5F7B1F2B5A4F005C148F /* ViewController */ = {
			isa = PBXGroup;
			children = (
				EECA5F7C1F2B5A4F005C148F /* Base */,
				EECA5F831F2B5A4F005C148F /* UI */,
			);
			path = ViewController;
			sourceTree = "<group>";
		};
		EECA5F7C1F2B5A4F005C148F /* Base */ = {
			isa = PBXGroup;
			children = (
				EECA5F811F2B5A4F005C148F /* BaseViewController.h */,
				EECA5F821F2B5A4F005C148F /* BaseViewController.m */,
				EECA5F7D1F2B5A4F005C148F /* BaseNavigationController.h */,
				EECA5F7E1F2B5A4F005C148F /* BaseNavigationController.m */,
				EECA5F7F1F2B5A4F005C148F /* BaseTapBarController.h */,
				EECA5F801F2B5A4F005C148F /* BaseTapBarController.m */,
			);
			path = Base;
			sourceTree = "<group>";
		};
		EECA5F831F2B5A4F005C148F /* UI */ = {
			isa = PBXGroup;
			children = (
				FFAFF7B31F667B18004F90E0 /* ChangePassword */,
				FFAFF7AF1F66796C004F90E0 /* ForgetPassword */,
				FFFDDFA31F7003CE007A3AC1 /* Account */,
				FFBDB23B1F66AD5C00B53F63 /* Places */,
				EE129FAC1F6027C0006A81DE /* Login */,
				EE129FA81F6023C9006A81DE /* FirstLogin */,
				EE5B64031F543DFB00E8BA13 /* AppInfo */,
				FF1675B51F4F331C00E922A5 /* HospitalDirection */,
				EE53B4E71F2F59E300AD0AFA /* HospitalDetail */,
				EE53B4E31F2F59DB00AD0AFA /* SearchResult */,
				EEF432FB1F2B6F1A00BE2E40 /* AdvanceSeacrh */,
				EEF432FF1F2B6F2300BE2E40 /* Home */,
			);
			path = UI;
			sourceTree = "<group>";
		};
		EECBA3C41F47141E009BCF02 /* Models */ = {
			isa = PBXGroup;
			children = (
				EECBA3C51F4714B9009BCF02 /* HospitalSlideShowModel.h */,
				EECBA3C61F4714B9009BCF02 /* HospitalSlideShowModel.m */,
				EECBA3C81F471562009BCF02 /* HospitalNameModel.h */,
				EECBA3C91F471562009BCF02 /* HospitalNameModel.m */,
				EECBA3CB1F47157B009BCF02 /* HospitalAddressModel.h */,
				EECBA3CC1F47157B009BCF02 /* HospitalAddressModel.m */,
				EECBA3CE1F4715A4009BCF02 /* HospitalPhoneModel.h */,
				EECBA3CF1F4715A4009BCF02 /* HospitalPhoneModel.m */,
				EECBA3D11F4715B6009BCF02 /* HospitalDescriptionModel.h */,
				EECBA3D21F4715B6009BCF02 /* HospitalDescriptionModel.m */,
				EECBA3D41F4715C4009BCF02 /* HospitalLocationModel.h */,
				EECBA3D51F4715C4009BCF02 /* HospitalLocationModel.m */,
			);
			path = Models;
			sourceTree = "<group>";
		};
		EEF432FB1F2B6F1A00BE2E40 /* AdvanceSeacrh */ = {
			isa = PBXGroup;
			children = (
				EEF432FC1F2B6F1A00BE2E40 /* AdvanceSearchViewController.h */,
				EEF432FD1F2B6F1A00BE2E40 /* AdvanceSearchViewController.m */,
			);
			path = AdvanceSeacrh;
			sourceTree = "<group>";
		};
		EEF432FF1F2B6F2300BE2E40 /* Home */ = {
			isa = PBXGroup;
			children = (
				EEF433001F2B6F2300BE2E40 /* HomeViewController.h */,
				EEF433011F2B6F2300BE2E40 /* HomeViewController.m */,
			);
			path = Home;
			sourceTree = "<group>";
		};
		FF1675B51F4F331C00E922A5 /* HospitalDirection */ = {
			isa = PBXGroup;
			children = (
				FF1675B61F4F334C00E922A5 /* HospitalDirectionViewController.h */,
				FF1675B71F4F334C00E922A5 /* HospitalDirectionViewController.m */,
				EE9373091F50405800379151 /* MyLocation */,
			);
			path = HospitalDirection;
			sourceTree = "<group>";
		};
		FF9082EE1F6BF8A9008B3A30 /* Managers */ = {
			isa = PBXGroup;
			children = (
				FF9082EF1F6BF8E0008B3A30 /* UserDataManager.h */,
				FF9082F01F6BF8E0008B3A30 /* UserDataManager.m */,
			);
			path = Managers;
			sourceTree = "<group>";
		};
		FF9082F21F6BFA95008B3A30 /* Constants */ = {
			isa = PBXGroup;
			children = (
				FF9082F31F6BFAA5008B3A30 /* Constants.h */,
			);
			path = Constants;
			sourceTree = "<group>";
		};
		FFAFF7AF1F66796C004F90E0 /* ForgetPassword */ = {
			isa = PBXGroup;
			children = (
				FFAFF7B01F66797A004F90E0 /* ForgetPasswordViewController.h */,
				FFAFF7B11F66797A004F90E0 /* ForgetPasswordViewController.m */,
			);
			path = ForgetPassword;
			sourceTree = "<group>";
		};
		FFAFF7B31F667B18004F90E0 /* ChangePassword */ = {
			isa = PBXGroup;
			children = (
				FFAFF7B41F667B24004F90E0 /* ChangePasswordViewController.h */,
				FFAFF7B51F667B24004F90E0 /* ChangePasswordViewController.m */,
			);
			path = ChangePassword;
			sourceTree = "<group>";
		};
		FFBDB23B1F66AD5C00B53F63 /* Places */ = {
			isa = PBXGroup;
			children = (
				FFBDB23C1F66AD6A00B53F63 /* PlacesViewController.h */,
				FFBDB23D1F66AD6A00B53F63 /* PlacesViewController.m */,
				FFBDB23F1F66AD7F00B53F63 /* PlacesTableViewCell.h */,
				FFBDB2401F66AD7F00B53F63 /* PlacesTableViewCell.m */,
			);
			path = Places;
			sourceTree = "<group>";
		};
		FFD2B85D1F825C1E00A7F9E2 /* AppDelegate */ = {
			isa = PBXGroup;
			children = (
				FFD2B85E1F825C1E00A7F9E2 /* AppDelegate.h */,
				FFD2B85F1F825C1E00A7F9E2 /* AppDelegate.m */,
			);
			path = AppDelegate;
			sourceTree = "<group>";
		};
		FFF0BD721F62B73A00E815DF /* StoryBoards */ = {
			isa = PBXGroup;
			children = (
				FFF0BD731F62B73A00E815DF /* FirstLogin.storyboard */,
				FFF0BD741F62B73A00E815DF /* Home.storyboard */,
				FFF0BD751F62B73A00E815DF /* Login.storyboard */,
			);
			path = StoryBoards;
			sourceTree = "<group>";
		};
		FFFDDFA31F7003CE007A3AC1 /* Account */ = {
			isa = PBXGroup;
			children = (
				FFFDDFA41F7003EC007A3AC1 /* AccountViewController.h */,
				FFFDDFA51F7003EC007A3AC1 /* AccountViewController.m */,
			);
			path = Account;
			sourceTree = "<group>";
		};
/* End PBXGroup section */

/* Begin PBXNativeTarget section */
		EECA5F491F2B5982005C148F /* benhvien-app */ = {
			isa = PBXNativeTarget;
			buildConfigurationList = EECA5F611F2B5982005C148F /* Build configuration list for PBXNativeTarget "benhvien-app" */;
			buildPhases = (
				D170700022824B9FE6C4EE8C /* [CP] Check Pods Manifest.lock */,
				EECA5F461F2B5982005C148F /* Sources */,
				EECA5F471F2B5982005C148F /* Frameworks */,
				EECA5F481F2B5982005C148F /* Resources */,
				53DAEE83E5FA9A211A6141CF /* [CP] Embed Pods Frameworks */,
				D850EC77F5E3BDD8366FD698 /* [CP] Copy Pods Resources */,
			);
			buildRules = (
			);
			dependencies = (
			);
			name = "benhvien-app";
			productName = "benhvien-app";
			productReference = EECA5F4A1F2B5982005C148F /* benhvien-app.app */;
			productType = "com.apple.product-type.application";
		};
/* End PBXNativeTarget section */

/* Begin PBXProject section */
		EECA5F421F2B5982005C148F /* Project object */ = {
			isa = PBXProject;
			attributes = {
				LastUpgradeCheck = 0810;
				ORGANIZATIONNAME = anhtien167;
				TargetAttributes = {
					EECA5F491F2B5982005C148F = {
						CreatedOnToolsVersion = 8.1;
						DevelopmentTeam = VXMF85XCJC;
						ProvisioningStyle = Automatic;
					};
				};
			};
			buildConfigurationList = EECA5F451F2B5982005C148F /* Build configuration list for PBXProject "benhvien-app" */;
			compatibilityVersion = "Xcode 3.2";
			developmentRegion = English;
			hasScannedForEncodings = 0;
			knownRegions = (
				en,
				Base,
			);
			mainGroup = EECA5F411F2B5982005C148F;
			productRefGroup = EECA5F4B1F2B5982005C148F /* Products */;
			projectDirPath = "";
			projectRoot = "";
			targets = (
				EECA5F491F2B5982005C148F /* benhvien-app */,
			);
		};
/* End PBXProject section */

/* Begin PBXResourcesBuildPhase section */
		EECA5F481F2B5982005C148F /* Resources */ = {
			isa = PBXResourcesBuildPhase;
			buildActionMask = 2147483647;
			files = (
				EECA5F5D1F2B5982005C148F /* LaunchScreen.storyboard in Resources */,
				EE5B64021F54398D00E8BA13 /* MenuViewCell.xib in Resources */,
				FFF0BD781F62B79B00E815DF /* Login.storyboard in Resources */,
				FFF0BD771F62B79700E815DF /* Home.storyboard in Resources */,
				EECBA3F41F471688009BCF02 /* HospitalLocationCell.xib in Resources */,
				EE5B63FD1F5436BA00E8BA13 /* MenuView.xib in Resources */,
				EECBA3E01F47163F009BCF02 /* HospitalNameCell.xib in Resources */,
				EECBA3E51F47164F009BCF02 /* HospitalAddressCell.xib in Resources */,
				EECA5F5A1F2B5982005C148F /* Assets.xcassets in Resources */,
				EECBA3DB1F47162D009BCF02 /* SlideShowCell.xib in Resources */,
				EECBA3EF1F471678009BCF02 /* HospitalDescriptionCell.xib in Resources */,
				FFF0BD761F62B79400E815DF /* FirstLogin.storyboard in Resources */,
				EECBA3EA1F471665009BCF02 /* HospitalPhoneCell.xib in Resources */,
				EEB503021F41D46300E54AE5 /* cities.json in Resources */,
			);
			runOnlyForDeploymentPostprocessing = 0;
		};
/* End PBXResourcesBuildPhase section */

/* Begin PBXShellScriptBuildPhase section */
		53DAEE83E5FA9A211A6141CF /* [CP] Embed Pods Frameworks */ = {
			isa = PBXShellScriptBuildPhase;
			buildActionMask = 2147483647;
			files = (
			);
			inputPaths = (
				"${SRCROOT}/Pods/Target Support Files/Pods-benhvien-app/Pods-benhvien-app-frameworks.sh",
				"${BUILT_PRODUCTS_DIR}/AFNetworking/AFNetworking.framework",
				"${BUILT_PRODUCTS_DIR}/IQDropDownTextField/IQDropDownTextField.framework",
				"${BUILT_PRODUCTS_DIR}/IQKeyboardManager/IQKeyboardManager.framework",
				"${BUILT_PRODUCTS_DIR}/KASlideShow/KASlideShow.framework",
				"${BUILT_PRODUCTS_DIR}/MBProgressHUD/MBProgressHUD.framework",
				"${BUILT_PRODUCTS_DIR}/OCGoogleDirectionsAPI/OCGoogleDirectionsAPI.framework",
				"${BUILT_PRODUCTS_DIR}/PureLayout/PureLayout.framework",
				"${BUILT_PRODUCTS_DIR}/SDWebImage/SDWebImage.framework",
			);
			name = "[CP] Embed Pods Frameworks";
			outputPaths = (
				"${TARGET_BUILD_DIR}/${FRAMEWORKS_FOLDER_PATH}/AFNetworking.framework",
				"${TARGET_BUILD_DIR}/${FRAMEWORKS_FOLDER_PATH}/IQDropDownTextField.framework",
				"${TARGET_BUILD_DIR}/${FRAMEWORKS_FOLDER_PATH}/IQKeyboardManager.framework",
				"${TARGET_BUILD_DIR}/${FRAMEWORKS_FOLDER_PATH}/KASlideShow.framework",
				"${TARGET_BUILD_DIR}/${FRAMEWORKS_FOLDER_PATH}/MBProgressHUD.framework",
				"${TARGET_BUILD_DIR}/${FRAMEWORKS_FOLDER_PATH}/OCGoogleDirectionsAPI.framework",
				"${TARGET_BUILD_DIR}/${FRAMEWORKS_FOLDER_PATH}/PureLayout.framework",
				"${TARGET_BUILD_DIR}/${FRAMEWORKS_FOLDER_PATH}/SDWebImage.framework",
			);
			runOnlyForDeploymentPostprocessing = 0;
			shellPath = /bin/sh;
			shellScript = "\"${SRCROOT}/Pods/Target Support Files/Pods-benhvien-app/Pods-benhvien-app-frameworks.sh\"\n";
			showEnvVarsInLog = 0;
		};
		D170700022824B9FE6C4EE8C /* [CP] Check Pods Manifest.lock */ = {
			isa = PBXShellScriptBuildPhase;
			buildActionMask = 2147483647;
			files = (
			);
			inputPaths = (
				"${PODS_PODFILE_DIR_PATH}/Podfile.lock",
				"${PODS_ROOT}/Manifest.lock",
			);
			name = "[CP] Check Pods Manifest.lock";
			outputPaths = (
				"$(DERIVED_FILE_DIR)/Pods-benhvien-app-checkManifestLockResult.txt",
			);
			runOnlyForDeploymentPostprocessing = 0;
			shellPath = /bin/sh;
			shellScript = "diff \"${PODS_PODFILE_DIR_PATH}/Podfile.lock\" \"${PODS_ROOT}/Manifest.lock\" > /dev/null\nif [ $? != 0 ] ; then\n    # print error to STDERR\n    echo \"error: The sandbox is not in sync with the Podfile.lock. Run 'pod install' or update your CocoaPods installation.\" >&2\n    exit 1\nfi\n";
			showEnvVarsInLog = 0;
		};
		D850EC77F5E3BDD8366FD698 /* [CP] Copy Pods Resources */ = {
			isa = PBXShellScriptBuildPhase;
			buildActionMask = 2147483647;
			files = (
			);
			inputPaths = (
				"${SRCROOT}/Pods/Target Support Files/Pods-benhvien-app/Pods-benhvien-app-resources.sh",
				"${PODS_ROOT}/GoogleMaps/Maps/Frameworks/GoogleMaps.framework/Versions/A/Resources/GoogleMaps.bundle",
				"${PODS_ROOT}/GooglePlaces/Frameworks/GooglePlaces.framework/Versions/A/Resources/GooglePlaces.bundle",
			);
			name = "[CP] Copy Pods Resources";
			outputPaths = (
				"${TARGET_BUILD_DIR}/${UNLOCALIZED_RESOURCES_FOLDER_PATH}",
			);
			runOnlyForDeploymentPostprocessing = 0;
			shellPath = /bin/sh;
			shellScript = "\"${SRCROOT}/Pods/Target Support Files/Pods-benhvien-app/Pods-benhvien-app-resources.sh\"\n";
			showEnvVarsInLog = 0;
		};
/* End PBXShellScriptBuildPhase section */

/* Begin PBXSourcesBuildPhase section */
		EECA5F461F2B5982005C148F /* Sources */ = {
			isa = PBXSourcesBuildPhase;
			buildActionMask = 2147483647;
			files = (
				EECA5F8B1F2B5A4F005C148F /* BaseTapBarController.m in Sources */,
				EE53B4FD1F2F6B2400AD0AFA /* HLTableViewCell.m in Sources */,
				EE3E15711F34998300504F12 /* ApiResponse.m in Sources */,
				EECA5F711F2B5A14005C148F /* UIAlertController+Blocks.m in Sources */,
				EECBA3EE1F471678009BCF02 /* HospitalDescriptionCell.m in Sources */,
				EE53B4FC1F2F6B2400AD0AFA /* HLTableView.m in Sources */,
				FF9082F11F6BF8E0008B3A30 /* UserDataManager.m in Sources */,
				EE5B63FB1F5436AF00E8BA13 /* MenuView.m in Sources */,
				EECBA3F31F471688009BCF02 /* HospitalLocationCell.m in Sources */,
				EECA5F8C1F2B5A4F005C148F /* BaseViewController.m in Sources */,
				EE53B4EA1F2F5A2200AD0AFA /* HospitalDetailViewController.m in Sources */,
				EECA5F751F2B5A14005C148F /* UIViewController+Storyboard.m in Sources */,
				FFAFF7B61F667B24004F90E0 /* ChangePasswordViewController.m in Sources */,
				EE3E156E1F34996C00504F12 /* ApiRequest.m in Sources */,
				EECA5F741F2B5A14005C148F /* UIView+Nib.m in Sources */,
				FF1675B81F4F334C00E922A5 /* HospitalDirectionViewController.m in Sources */,
				EEF433021F2B6F2300BE2E40 /* HomeViewController.m in Sources */,
				EECA5F721F2B5A14005C148F /* UIColor+Hex.m in Sources */,
				EE5B64091F5444F900E8BA13 /* AppInfoViewController.m in Sources */,
				EE53B4FE1F2F6B2400AD0AFA /* HLTableViewSection.m in Sources */,
				EECBA3D61F4715C4009BCF02 /* HospitalLocationModel.m in Sources */,
				EE129FAF1F6027CF006A81DE /* LoginViewController.m in Sources */,
				EECA5F8A1F2B5A4F005C148F /* BaseNavigationController.m in Sources */,
				FFBDB2411F66AD7F00B53F63 /* PlacesTableViewCell.m in Sources */,
				EE53B4F41F2F5CBF00AD0AFA /* HospitalTableViewCell.m in Sources */,
				EE53B4E61F2F59DB00AD0AFA /* SearchResultViewController.m in Sources */,
				EECBA3E91F471665009BCF02 /* HospitalPhoneCell.m in Sources */,
				EEF432FE1F2B6F1A00BE2E40 /* AdvanceSearchViewController.m in Sources */,
				EECBA3DA1F47162D009BCF02 /* SlideShowCell.m in Sources */,
				FFAFF7B21F66797A004F90E0 /* ForgetPasswordViewController.m in Sources */,
				EECBA3C71F4714B9009BCF02 /* HospitalSlideShowModel.m in Sources */,
				EE53B4F11F2F5B7800AD0AFA /* Hospital.m in Sources */,
				FFFDDFA61F7003EC007A3AC1 /* AccountViewController.m in Sources */,
				FFD2B8601F825D9900A7F9E2 /* AppDelegate.m in Sources */,
				EECBA3DF1F47163F009BCF02 /* HospitalNameCell.m in Sources */,
				EE5B64011F54398D00E8BA13 /* MenuViewCell.m in Sources */,
				EECA5F731F2B5A14005C148F /* UITextField+Padding.m in Sources */,
				EECBA3D31F4715B6009BCF02 /* HospitalDescriptionModel.m in Sources */,
				EE3E156B1F34995500504F12 /* ApiManager.m in Sources */,
				FFBDB23E1F66AD6A00B53F63 /* PlacesViewController.m in Sources */,
				EECBA3E41F47164F009BCF02 /* HospitalAddressCell.m in Sources */,
				EECBA3CA1F471562009BCF02 /* HospitalNameModel.m in Sources */,
				EEB502FF1F41CFAC00E54AE5 /* City.m in Sources */,
				EECA5F4F1F2B5982005C148F /* main.m in Sources */,
				EE129FAB1F6023E1006A81DE /* FirstLoginViewController.m in Sources */,
				EECBA3D01F4715A4009BCF02 /* HospitalPhoneModel.m in Sources */,
				EECBA3CD1F47157B009BCF02 /* HospitalAddressModel.m in Sources */,
			);
			runOnlyForDeploymentPostprocessing = 0;
		};
/* End PBXSourcesBuildPhase section */

/* Begin PBXVariantGroup section */
		EECA5F5B1F2B5982005C148F /* LaunchScreen.storyboard */ = {
			isa = PBXVariantGroup;
			children = (
				EECA5F5C1F2B5982005C148F /* Base */,
			);
			name = LaunchScreen.storyboard;
			sourceTree = "<group>";
		};
/* End PBXVariantGroup section */

/* Begin XCBuildConfiguration section */
		EECA5F5F1F2B5982005C148F /* Debug */ = {
			isa = XCBuildConfiguration;
			buildSettings = {
				ALWAYS_SEARCH_USER_PATHS = NO;
				CLANG_ANALYZER_NONNULL = YES;
				CLANG_CXX_LANGUAGE_STANDARD = "gnu++0x";
				CLANG_CXX_LIBRARY = "libc++";
				CLANG_ENABLE_MODULES = YES;
				CLANG_ENABLE_OBJC_ARC = YES;
				CLANG_WARN_BOOL_CONVERSION = YES;
				CLANG_WARN_CONSTANT_CONVERSION = YES;
				CLANG_WARN_DIRECT_OBJC_ISA_USAGE = YES_ERROR;
				CLANG_WARN_DOCUMENTATION_COMMENTS = YES;
				CLANG_WARN_EMPTY_BODY = YES;
				CLANG_WARN_ENUM_CONVERSION = YES;
				CLANG_WARN_INFINITE_RECURSION = YES;
				CLANG_WARN_INT_CONVERSION = YES;
				CLANG_WARN_OBJC_ROOT_CLASS = YES_ERROR;
				CLANG_WARN_SUSPICIOUS_MOVES = YES;
				CLANG_WARN_UNREACHABLE_CODE = YES;
				CLANG_WARN__DUPLICATE_METHOD_MATCH = YES;
				"CODE_SIGN_IDENTITY[sdk=iphoneos*]" = "iPhone Developer";
				COPY_PHASE_STRIP = NO;
				DEBUG_INFORMATION_FORMAT = dwarf;
				ENABLE_STRICT_OBJC_MSGSEND = YES;
				ENABLE_TESTABILITY = YES;
				GCC_C_LANGUAGE_STANDARD = gnu99;
				GCC_DYNAMIC_NO_PIC = NO;
				GCC_NO_COMMON_BLOCKS = YES;
				GCC_OPTIMIZATION_LEVEL = 0;
				GCC_PREPROCESSOR_DEFINITIONS = (
					"DEBUG=1",
					"$(inherited)",
				);
				GCC_WARN_64_TO_32_BIT_CONVERSION = YES;
				GCC_WARN_ABOUT_RETURN_TYPE = YES_ERROR;
				GCC_WARN_UNDECLARED_SELECTOR = YES;
				GCC_WARN_UNINITIALIZED_AUTOS = YES_AGGRESSIVE;
				GCC_WARN_UNUSED_FUNCTION = YES;
				GCC_WARN_UNUSED_VARIABLE = YES;
				IPHONEOS_DEPLOYMENT_TARGET = 9.0;
				MTL_ENABLE_DEBUG_INFO = YES;
				ONLY_ACTIVE_ARCH = YES;
				SDKROOT = iphoneos;
			};
			name = Debug;
		};
		EECA5F601F2B5982005C148F /* Release */ = {
			isa = XCBuildConfiguration;
			buildSettings = {
				ALWAYS_SEARCH_USER_PATHS = NO;
				CLANG_ANALYZER_NONNULL = YES;
				CLANG_CXX_LANGUAGE_STANDARD = "gnu++0x";
				CLANG_CXX_LIBRARY = "libc++";
				CLANG_ENABLE_MODULES = YES;
				CLANG_ENABLE_OBJC_ARC = YES;
				CLANG_WARN_BOOL_CONVERSION = YES;
				CLANG_WARN_CONSTANT_CONVERSION = YES;
				CLANG_WARN_DIRECT_OBJC_ISA_USAGE = YES_ERROR;
				CLANG_WARN_DOCUMENTATION_COMMENTS = YES;
				CLANG_WARN_EMPTY_BODY = YES;
				CLANG_WARN_ENUM_CONVERSION = YES;
				CLANG_WARN_INFINITE_RECURSION = YES;
				CLANG_WARN_INT_CONVERSION = YES;
				CLANG_WARN_OBJC_ROOT_CLASS = YES_ERROR;
				CLANG_WARN_SUSPICIOUS_MOVES = YES;
				CLANG_WARN_UNREACHABLE_CODE = YES;
				CLANG_WARN__DUPLICATE_METHOD_MATCH = YES;
				"CODE_SIGN_IDENTITY[sdk=iphoneos*]" = "iPhone Developer";
				COPY_PHASE_STRIP = NO;
				DEBUG_INFORMATION_FORMAT = "dwarf-with-dsym";
				ENABLE_NS_ASSERTIONS = NO;
				ENABLE_STRICT_OBJC_MSGSEND = YES;
				GCC_C_LANGUAGE_STANDARD = gnu99;
				GCC_NO_COMMON_BLOCKS = YES;
				GCC_WARN_64_TO_32_BIT_CONVERSION = YES;
				GCC_WARN_ABOUT_RETURN_TYPE = YES_ERROR;
				GCC_WARN_UNDECLARED_SELECTOR = YES;
				GCC_WARN_UNINITIALIZED_AUTOS = YES_AGGRESSIVE;
				GCC_WARN_UNUSED_FUNCTION = YES;
				GCC_WARN_UNUSED_VARIABLE = YES;
				IPHONEOS_DEPLOYMENT_TARGET = 9.0;
				MTL_ENABLE_DEBUG_INFO = NO;
				SDKROOT = iphoneos;
				VALIDATE_PRODUCT = YES;
			};
			name = Release;
		};
		EECA5F621F2B5982005C148F /* Debug */ = {
			isa = XCBuildConfiguration;
			baseConfigurationReference = 3C13043832A85DFFDC6E4F13 /* Pods-benhvien-app.debug.xcconfig */;
			buildSettings = {
				ASSETCATALOG_COMPILER_APPICON_NAME = AppIcon;
				DEVELOPMENT_TEAM = VXMF85XCJC;
				INFOPLIST_FILE = "benhvien-app/Info.plist";
				IPHONEOS_DEPLOYMENT_TARGET = 9.0;
				LD_RUNPATH_SEARCH_PATHS = "$(inherited) @executable_path/Frameworks";
				PRODUCT_BUNDLE_IDENTIFIER = "anhtien167.benhvien-app";
				PRODUCT_NAME = "$(TARGET_NAME)";
			};
			name = Debug;
		};
		EECA5F631F2B5982005C148F /* Release */ = {
			isa = XCBuildConfiguration;
			baseConfigurationReference = 6F755BCB4EEC04742E3DE08F /* Pods-benhvien-app.release.xcconfig */;
			buildSettings = {
				ASSETCATALOG_COMPILER_APPICON_NAME = AppIcon;
				DEVELOPMENT_TEAM = VXMF85XCJC;
				INFOPLIST_FILE = "benhvien-app/Info.plist";
				IPHONEOS_DEPLOYMENT_TARGET = 9.0;
				LD_RUNPATH_SEARCH_PATHS = "$(inherited) @executable_path/Frameworks";
				PRODUCT_BUNDLE_IDENTIFIER = "anhtien167.benhvien-app";
				PRODUCT_NAME = "$(TARGET_NAME)";
			};
			name = Release;
		};
/* End XCBuildConfiguration section */

/* Begin XCConfigurationList section */
		EECA5F451F2B5982005C148F /* Build configuration list for PBXProject "benhvien-app" */ = {
			isa = XCConfigurationList;
			buildConfigurations = (
				EECA5F5F1F2B5982005C148F /* Debug */,
				EECA5F601F2B5982005C148F /* Release */,
			);
			defaultConfigurationIsVisible = 0;
			defaultConfigurationName = Release;
		};
		EECA5F611F2B5982005C148F /* Build configuration list for PBXNativeTarget "benhvien-app" */ = {
			isa = XCConfigurationList;
			buildConfigurations = (
				EECA5F621F2B5982005C148F /* Debug */,
				EECA5F631F2B5982005C148F /* Release */,
			);
			defaultConfigurationIsVisible = 0;
			defaultConfigurationName = Release;
		};
/* End XCConfigurationList section */
	};
	rootObject = EECA5F421F2B5982005C148F /* Project object */;
}
